
Microsoft Visual Studio Solution File, Format Version 12.00
# Visual Studio Version 17
VisualStudioVersion = 17.14.36518.9 d17.14
MinimumVisualStudioVersion = 10.0.40219.1
Project("{FAE04EC0-301F-11D3-BF4B-00C04F79EFBC}") = "SimpleVirus", "SimpleVirus.csproj", "{D58C67F9-AF50-E032-5B9A-6B120C4C321A}"
EndProject
Global
	GlobalSection(SolutionConfigurationPlatforms) = preSolution
		Debug|Any CPU = Debug|Any CPU
		Release|Any CPU = Release|Any CPU
	EndGlobalSection
	GlobalSection(ProjectConfigurationPlatforms) = postSolution
		{D58C67F9-AF50-E032-5B9A-6B120C4C321A}.Debug|Any CPU.ActiveCfg = Debug|Any CPU
		{D58C67F9-AF50-E032-5B9A-6B120C4C321A}.Debug|Any CPU.Build.0 = Debug|Any CPU
		{D58C67F9-AF50-E032-5B9A-6B120C4C321A}.Release|Any CPU.ActiveCfg = Release|Any CPU
		{D58C67F9-AF50-E032-5B9A-6B120C4C321A}.Release|Any CPU.Build.0 = Release|Any CPU
	EndGlobalSection
	GlobalSection(SolutionProperties) = preSolution
		HideSolutionNode = FALSE
	EndGlobalSection
	GlobalSection(ExtensibilityGlobals) = postSolution
		SolutionGuid = {AB16EE23-C872-47C3-AFFA-B56E5014D0B5}
	EndGlobalSection
EndGlobal
